
Microsoft Visual Studio Solution File, Format Version 12.00
# Visual Studio Version 17
VisualStudioVersion = 17.1.32210.238
MinimumVisualStudioVersion = 10.0.40219.1
Project("{8BC9CEB8-8B4A-11D0-8D11-00A0C91BC942}") = "Png_to_Icd", "Png_to_Icd\Png_to_Icd.vcxproj", "{5330211A-64A7-48CA-A299-7E90D6123426}"
EndProject
Project("{8BC9CEB8-8B4A-11D0-8D11-00A0C91BC942}") = "Png_to_Hex", "Png_to_Hex\Png_to_Hex.vcxproj", "{7ED90585-B6F4-45DA-9966-2A6EC10AAA38}"
EndProject
Global
	GlobalSection(SolutionConfigurationPlatforms) = preSolution
		Debug|x64 = Debug|x64
		Debug|x86 = Debug|x86
		Release|x64 = Release|x64
		Release|x86 = Release|x86
	EndGlobalSection
	GlobalSection(ProjectConfigurationPlatforms) = postSolution
		{5330211A-64A7-48CA-A299-7E90D6123426}.Debug|x64.ActiveCfg = Debug|x64
		{5330211A-64A7-48CA-A299-7E90D6123426}.Debug|x64.Build.0 = Debug|x64
		{5330211A-64A7-48CA-A299-7E90D6123426}.Debug|x86.ActiveCfg = Debug|Win32
		{5330211A-64A7-48CA-A299-7E90D6123426}.Debug|x86.Build.0 = Debug|Win32
		{5330211A-64A7-48CA-A299-7E90D6123426}.Release|x64.ActiveCfg = Release|x64
		{5330211A-64A7-48CA-A299-7E90D6123426}.Release|x64.Build.0 = Release|x64
		{5330211A-64A7-48CA-A299-7E90D6123426}.Release|x86.ActiveCfg = Release|Win32
		{5330211A-64A7-48CA-A299-7E90D6123426}.Release|x86.Build.0 = Release|Win32
		{7ED90585-B6F4-45DA-9966-2A6EC10AAA38}.Debug|x64.ActiveCfg = Debug|x64
		{7ED90585-B6F4-45DA-9966-2A6EC10AAA38}.Debug|x64.Build.0 = Debug|x64
		{7ED90585-B6F4-45DA-9966-2A6EC10AAA38}.Debug|x86.ActiveCfg = Debug|Win32
		{7ED90585-B6F4-45DA-9966-2A6EC10AAA38}.Debug|x86.Build.0 = Debug|Win32
		{7ED90585-B6F4-45DA-9966-2A6EC10AAA38}.Release|x64.ActiveCfg = Release|x64
		{7ED90585-B6F4-45DA-9966-2A6EC10AAA38}.Release|x64.Build.0 = Release|x64
		{7ED90585-B6F4-45DA-9966-2A6EC10AAA38}.Release|x86.ActiveCfg = Release|Win32
		{7ED90585-B6F4-45DA-9966-2A6EC10AAA38}.Release|x86.Build.0 = Release|Win32
	EndGlobalSection
	GlobalSection(SolutionProperties) = preSolution
		HideSolutionNode = FALSE
	EndGlobalSection
	GlobalSection(ExtensibilityGlobals) = postSolution
		SolutionGuid = {41011711-D68A-4198-B4CD-6EA1FBA842FA}
	EndGlobalSection
EndGlobal
