<?xml version="1.0" encoding="utf-8"?>
<Project ToolsVersion="4.0" xmlns="http://schemas.microsoft.com/developer/msbuild/2003">
  <ItemGroup>
    <Filter Include="Source Files">
      <UniqueIdentifier>{4FC737F1-C7A5-4376-A066-2A32D752A2FF}</UniqueIdentifier>
      <Extensions>cpp;c;cc;cxx;c++;cppm;ixx;def;odl;idl;hpj;bat;asm;asmx</Extensions>
    </Filter>
    <Filter Include="Header Files">
      <UniqueIdentifier>{93995380-89BD-4b04-88EB-625FBE52EBFB}</UniqueIdentifier>
      <Extensions>h;hh;hpp;hxx;h++;hm;inl;inc;ipp;xsd</Extensions>
    </Filter>
    <Filter Include="Resource Files">
      <UniqueIdentifier>{67DA6AB6-F800-4c08-8B7A-83BB121AAD01}</UniqueIdentifier>
      <Extensions>rc;ico;cur;bmp;dlg;rc2;rct;bin;rgs;gif;jpg;jpeg;jpe;resx;tiff;tif;png;wav;mfcribbon-ms</Extensions>
    </Filter>
    <Filter Include="Resource Files\8_bit_images">
      <UniqueIdentifier>{d7394930-28f8-4a97-aca7-1ded82dde314}</UniqueIdentifier>
    </Filter>
    <Filter Include="Resource Files\16_bit_images">
      <UniqueIdentifier>{8e2efe1c-db0b-4bc0-b801-edff9dd86c2b}</UniqueIdentifier>
    </Filter>
  </ItemGroup>
  <ItemGroup>
    <ClCompile Include="main.c">
      <Filter>Source Files</Filter>
    </ClCompile>
    <ClCompile Include="spng.c">
      <Filter>Source Files</Filter>
    </ClCompile>
    <ClCompile Include="png_to_hex.c">
      <Filter>Source Files</Filter>
    </ClCompile>
    <ClCompile Include="commandLineHandler.c">
      <Filter>Source Files</Filter>
    </ClCompile>
    <ClCompile Include="getopt.c">
      <Filter>Source Files</Filter>
    </ClCompile>
  </ItemGroup>
  <ItemGroup>
    <ClInclude Include="spng.h">
      <Filter>Header Files</Filter>
    </ClInclude>
    <ClInclude Include="png_to_hex.h">
      <Filter>Header Files</Filter>
    </ClInclude>
    <ClInclude Include="commandLineHandler.h">
      <Filter>Header Files</Filter>
    </ClInclude>
    <ClInclude Include="getopt.h">
      <Filter>Header Files</Filter>
    </ClInclude>
  </ItemGroup>
  <ItemGroup>
    <Image Include="8_bit_images\MrCat.png">
      <Filter>Resource Files\8_bit_images</Filter>
    </Image>
    <Image Include="8_bit_images\8x6_columns.png">
      <Filter>Resource Files\8_bit_images</Filter>
    </Image>
    <Image Include="8_bit_images\8x6_rgb.png">
      <Filter>Resource Files\8_bit_images</Filter>
    </Image>
    <Image Include="8_bit_images\10x5_black.png">
      <Filter>Resource Files\8_bit_images</Filter>
    </Image>
    <Image Include="8_bit_images\10x5_gradient.png">
      <Filter>Resource Files\8_bit_images</Filter>
    </Image>
    <Image Include="8_bit_images\Bridge_2560x2160.png">
      <Filter>Resource Files\8_bit_images</Filter>
    </Image>
    <Image Include="16_bit_images\16b_gradient.png">
      <Filter>Resource Files\16_bit_images</Filter>
    </Image>
    <Image Include="16_bit_images\16b_grayscale.png">
      <Filter>Resource Files\16_bit_images</Filter>
    </Image>
    <Image Include="16_bit_images\16b_5x3_blue.png">
      <Filter>Resource Files\16_bit_images</Filter>
    </Image>
    <Image Include="16_bit_images\16b_5x4_rows.png">
      <Filter>Resource Files\16_bit_images</Filter>
    </Image>
    <Image Include="16_bit_images\16b_16x2_gray_counter.png">
      <Filter>Resource Files\16_bit_images</Filter>
    </Image>
    <Image Include="16_bit_images\16b_16x2_rgb_counter.png">
      <Filter>Resource Files\16_bit_images</Filter>
    </Image>
    <Image Include="16_bit_images\16b_bird.png">
      <Filter>Resource Files\16_bit_images</Filter>
    </Image>
  </ItemGroup>
  <ItemGroup>
    <None Include="..\x64\Release\TEST_RUN.cmd">
      <Filter>Source Files</Filter>
    </None>
  </ItemGroup>
</Project>